# This file is autogenerated, do not edit; changes may be undone by the next 'dep ensure'.


[[projects]]
  branch = "master"
  name = "github.com/dchest/uniuri"
  packages = ["."]
  revision = "8902c56451e9b58ff940bbe5fec35d5f9c04584a"

[solve-meta]
  analyzer-name = "dep"
  analyzer-version = 1
  inputs-digest = "39143f923281ffeb40c1727a055aadc4ee2f1f1409fccef72281588c1eb37d3c"
  solver-name = "gps-cdcl"
  solver-version = 1
